
Microsoft Visual Studio Solution File, Format Version 12.00
# Visual Studio 15
VisualStudioVersion = 15.0.28307.438
MinimumVisualStudioVersion = 10.0.40219.1
Project("{FAE04EC0-301F-11D3-BF4B-00C04F79EFBC}") = "ConsoleApp2", "ConsoleApp2\ConsoleApp2.csproj", "{729895AE-B38F-4D6A-981A-0FD0D57CA70A}"
EndProject
Global
	GlobalSection(SolutionConfigurationPlatforms) = preSolution
		Debug|Any CPU = Debug|Any CPU
		Release|Any CPU = Release|Any CPU
	EndGlobalSection
	GlobalSection(ProjectConfigurationPlatforms) = postSolution
		{729895AE-B38F-4D6A-981A-0FD0D57CA70A}.Debug|Any CPU.ActiveCfg = Debug|Any CPU
		{729895AE-B38F-4D6A-981A-0FD0D57CA70A}.Debug|Any CPU.Build.0 = Debug|Any CPU
		{729895AE-B38F-4D6A-981A-0FD0D57CA70A}.Release|Any CPU.ActiveCfg = Release|Any CPU
		{729895AE-B38F-4D6A-981A-0FD0D57CA70A}.Release|Any CPU.Build.0 = Release|Any CPU
	EndGlobalSection
	GlobalSection(SolutionProperties) = preSolution
		HideSolutionNode = FALSE
	EndGlobalSection
	GlobalSection(ExtensibilityGlobals) = postSolution
		SolutionGuid = {5EF72B40-20AA-4E11-B248-05AC420FEE0F}
	EndGlobalSection
EndGlobal
