
Microsoft Visual Studio Solution File, Format Version 12.00
# Visual Studio 15
VisualStudioVersion = 15.0.28307.438
MinimumVisualStudioVersion = 10.0.40219.1
Project("{FAE04EC0-301F-11D3-BF4B-00C04F79EFBC}") = "HolaMundo", "ConsoleApp1\HolaMundo.csproj", "{660762CF-4D6F-4DC1-B877-A23FEA910459}"
EndProject
Global
	GlobalSection(SolutionConfigurationPlatforms) = preSolution
		Debug|Any CPU = Debug|Any CPU
		Release|Any CPU = Release|Any CPU
	EndGlobalSection
	GlobalSection(ProjectConfigurationPlatforms) = postSolution
		{660762CF-4D6F-4DC1-B877-A23FEA910459}.Debug|Any CPU.ActiveCfg = Debug|Any CPU
		{660762CF-4D6F-4DC1-B877-A23FEA910459}.Debug|Any CPU.Build.0 = Debug|Any CPU
		{660762CF-4D6F-4DC1-B877-A23FEA910459}.Release|Any CPU.ActiveCfg = Release|Any CPU
		{660762CF-4D6F-4DC1-B877-A23FEA910459}.Release|Any CPU.Build.0 = Release|Any CPU
	EndGlobalSection
	GlobalSection(SolutionProperties) = preSolution
		HideSolutionNode = FALSE
	EndGlobalSection
	GlobalSection(ExtensibilityGlobals) = postSolution
		SolutionGuid = {8CB962F8-8177-49AB-AEB1-DAD7AAF06D3A}
	EndGlobalSection
EndGlobal
